
Microsoft Visual Studio Solution File, Format Version 12.00
# Visual Studio Version 17
VisualStudioVersion = 17.8.34316.72
MinimumVisualStudioVersion = 10.0.40219.1
Project("{FAE04EC0-301F-11D3-BF4B-00C04F79EFBC}") = "Uppgift 6.4", "Uppgift 6.4\Uppgift 6.4.csproj", "{722CF0FE-FEF7-4D1A-A95D-6F016BE3C419}"
EndProject
Global
	GlobalSection(SolutionConfigurationPlatforms) = preSolution
		Debug|Any CPU = Debug|Any CPU
		Release|Any CPU = Release|Any CPU
	EndGlobalSection
	GlobalSection(ProjectConfigurationPlatforms) = postSolution
		{722CF0FE-FEF7-4D1A-A95D-6F016BE3C419}.Debug|Any CPU.ActiveCfg = Debug|Any CPU
		{722CF0FE-FEF7-4D1A-A95D-6F016BE3C419}.Debug|Any CPU.Build.0 = Debug|Any CPU
		{722CF0FE-FEF7-4D1A-A95D-6F016BE3C419}.Release|Any CPU.ActiveCfg = Release|Any CPU
		{722CF0FE-FEF7-4D1A-A95D-6F016BE3C419}.Release|Any CPU.Build.0 = Release|Any CPU
	EndGlobalSection
	GlobalSection(SolutionProperties) = preSolution
		HideSolutionNode = FALSE
	EndGlobalSection
	GlobalSection(ExtensibilityGlobals) = postSolution
		SolutionGuid = {572D00C8-BABE-4C78-9E0E-D28C4CE32EE8}
	EndGlobalSection
EndGlobal
